<?xml version="1.0" encoding="UTF-8" standalone="yes" ?>
<CodeBlocks_project_file>
	<FileVersion major="1" minor="6" />
	<Project>
		<Option title="A2Matrix_INT" />
		<Option pch_mode="2" />
		<Option compiler="gcc" />
		<Build>
			<Target title="Debug">
				<Option output="bin/Debug/A2Matrix_INT" prefix_auto="1" extension_auto="1" />
				<Option object_output="obj/Debug/" />
				<Option type="1" />
				<Option compiler="gcc" />
				<Compiler>
					<Add option="-g" />
				</Compiler>
			</Target>
			<Target title="Release">
				<Option output="bin/Release/A2Matrix_INT" prefix_auto="1" extension_auto="1" />
				<Option object_output="obj/Release/" />
				<Option type="1" />
				<Option compiler="gcc" />
				<Compiler>
					<Add option="-O2" />
				</Compiler>
				<Linker>
					<Add option="-s" />
				</Linker>
			</Target>
		</Build>
		<Compiler>
			<Add option="-Wall" />
		</Compiler>
		<Unit filename="A2Matrix_DOUBLE.h" />
		<Unit filename="A2Matrix_INT.h" />
		<Unit filename="additionFactor_INT.c">
			<Option compilerVar="CC" />
		</Unit>
		<Unit filename="addtion_INT.c">
			<Option compilerVar="CC" />
		</Unit>
		<Unit filename="contain_INT.c">
			<Option compilerVar="CC" />
		</Unit>
		<Unit filename="delCol_INT.c">
			<Option compilerVar="CC" />
		</Unit>
		<Unit filename="delRCcoFactor_INT.c">
			<Option compilerVar="CC" />
		</Unit>
		<Unit filename="delRow_INT.c">
			<Option compilerVar="CC" />
		</Unit>
		<Unit filename="det2_INT.c">
			<Option compilerVar="CC" />
		</Unit>
		<Unit filename="det_INT.c">
			<Option compilerVar="CC" />
		</Unit>
		<Unit filename="divisionFactor_INT.c">
			<Option compilerVar="CC" />
		</Unit>
		<Unit filename="enterIndex_INT.c">
			<Option compilerVar="CC" />
		</Unit>
		<Unit filename="enterRC_INT.c">
			<Option compilerVar="CC" />
		</Unit>
		<Unit filename="main.c">
			<Option compilerVar="CC" />
		</Unit>
		<Unit filename="multiplicationFactor_INT.c">
			<Option compilerVar="CC" />
		</Unit>
		<Unit filename="print_INT.c">
			<Option compilerVar="CC" />
		</Unit>
		<Unit filename="product_INT.c">
			<Option compilerVar="CC" />
		</Unit>
		<Unit filename="relationFactor_INT.c">
			<Option compilerVar="CC" />
		</Unit>
		<Unit filename="subtractionFactor_INT.c">
			<Option compilerVar="CC" />
		</Unit>
		<Unit filename="subtraction_INT.c">
			<Option compilerVar="CC" />
		</Unit>
		<Unit filename="symmetric_INT.c">
			<Option compilerVar="CC" />
		</Unit>
		<Unit filename="thesame_INT.c">
			<Option compilerVar="CC" />
		</Unit>
		<Unit filename="transpose_INT.c">
			<Option compilerVar="CC" />
		</Unit>
		<Extensions>
			<code_completion />
			<envvars />
			<debugger />
		</Extensions>
	</Project>
</CodeBlocks_project_file>
